
Microsoft Visual Studio Solution File, Format Version 11.00
# Visual Studio 2010
Project("{159641D6-6404-4A2A-AE62-294DE0FE8301}") = "Org_alayksikot_from_API_to_Virta_JTP", "Org_alayksikot_from_API_to_Virta_JTP\Org_alayksikot_from_API_to_Virta_JTP.dtproj", "{2F0A511A-98EE-4D38-9B89-BFA956D2BB17}"
EndProject
Global
	GlobalSection(SolutionConfigurationPlatforms) = preSolution
		Development|Default = Development|Default
	EndGlobalSection
	GlobalSection(ProjectConfigurationPlatforms) = postSolution
		{2F0A511A-98EE-4D38-9B89-BFA956D2BB17}.Development|Default.ActiveCfg = Development
		{2F0A511A-98EE-4D38-9B89-BFA956D2BB17}.Development|Default.Build.0 = Development
	EndGlobalSection
	GlobalSection(SolutionProperties) = preSolution
		HideSolutionNode = FALSE
	EndGlobalSection
EndGlobal
